
Microsoft Visual Studio Solution File, Format Version 12.00
# Visual Studio 14
VisualStudioVersion = 14.0.25420.1
MinimumVisualStudioVersion = 10.0.40219.1
Project("{FAE04EC0-301F-11D3-BF4B-00C04F79EFBC}") = "Grade", "Grade\Grade.csproj", "{454FFFD7-4E72-4DAB-9598-BBCDBE05B06F}"
EndProject
Project("{FAE04EC0-301F-11D3-BF4B-00C04F79EFBC}") = "Grade.Tests", "Grade.Tests\Grade.Tests.csproj", "{8240407C-2027-44F6-AFCA-187939AB8EE4}"
EndProject
Global
	GlobalSection(SolutionConfigurationPlatforms) = preSolution
		Debug|Any CPU = Debug|Any CPU
		Release|Any CPU = Release|Any CPU
	EndGlobalSection
	GlobalSection(ProjectConfigurationPlatforms) = postSolution
		{454FFFD7-4E72-4DAB-9598-BBCDBE05B06F}.Debug|Any CPU.ActiveCfg = Debug|Any CPU
		{454FFFD7-4E72-4DAB-9598-BBCDBE05B06F}.Debug|Any CPU.Build.0 = Debug|Any CPU
		{454FFFD7-4E72-4DAB-9598-BBCDBE05B06F}.Release|Any CPU.ActiveCfg = Release|Any CPU
		{454FFFD7-4E72-4DAB-9598-BBCDBE05B06F}.Release|Any CPU.Build.0 = Release|Any CPU
		{8240407C-2027-44F6-AFCA-187939AB8EE4}.Debug|Any CPU.ActiveCfg = Debug|Any CPU
		{8240407C-2027-44F6-AFCA-187939AB8EE4}.Debug|Any CPU.Build.0 = Debug|Any CPU
		{8240407C-2027-44F6-AFCA-187939AB8EE4}.Release|Any CPU.ActiveCfg = Release|Any CPU
		{8240407C-2027-44F6-AFCA-187939AB8EE4}.Release|Any CPU.Build.0 = Release|Any CPU
	EndGlobalSection
	GlobalSection(SolutionProperties) = preSolution
		HideSolutionNode = FALSE
	EndGlobalSection
EndGlobal
